
Microsoft Visual Studio Solution File, Format Version 12.00
# Visual Studio Version 17
VisualStudioVersion = 17.11.35222.181
MinimumVisualStudioVersion = 10.0.40219.1
Project("{FAE04EC0-301F-11D3-BF4B-00C04F79EFBC}") = "BigMamaPizza_Noa", "BigMamaPizza_Noa\BigMamaPizza_Noa.csproj", "{B36716CC-8382-4D95-A44A-86E23CA11C91}"
EndProject
Global
	GlobalSection(SolutionConfigurationPlatforms) = preSolution
		Debug|Any CPU = Debug|Any CPU
		Release|Any CPU = Release|Any CPU
	EndGlobalSection
	GlobalSection(ProjectConfigurationPlatforms) = postSolution
		{B36716CC-8382-4D95-A44A-86E23CA11C91}.Debug|Any CPU.ActiveCfg = Debug|Any CPU
		{B36716CC-8382-4D95-A44A-86E23CA11C91}.Debug|Any CPU.Build.0 = Debug|Any CPU
		{B36716CC-8382-4D95-A44A-86E23CA11C91}.Release|Any CPU.ActiveCfg = Release|Any CPU
		{B36716CC-8382-4D95-A44A-86E23CA11C91}.Release|Any CPU.Build.0 = Release|Any CPU
	EndGlobalSection
	GlobalSection(SolutionProperties) = preSolution
		HideSolutionNode = FALSE
	EndGlobalSection
	GlobalSection(ExtensibilityGlobals) = postSolution
		SolutionGuid = {E68CA35C-DEEE-4CF9-950C-91D13EC1CBCB}
	EndGlobalSection
EndGlobal
